// !$*UTF8*$!
{
	archiveVersion = 1;
	classes = {
	};
	objectVersion = 50;
	objects = {

/* Begin PBXBuildFile section */
		7F52BD6F25741EFF00087D04 /* NetworkingLibrary.framework in Frameworks */ = {isa = PBXBuildFile; fileRef = 7F52BD6525741EFF00087D04 /* NetworkingLibrary.framework */; };
		7F52BD7425741EFF00087D04 /* NetworkingLibraryTests.swift in Sources */ = {isa = PBXBuildFile; fileRef = 7F52BD7325741EFF00087D04 /* NetworkingLibraryTests.swift */; };
		7F52BD7625741EFF00087D04 /* NetworkingLibrary.h in Headers */ = {isa = PBXBuildFile; fileRef = 7F52BD6825741EFF00087D04 /* NetworkingLibrary.h */; settings = {ATTRIBUTES = (Public, ); }; };
		7F52BDA5257422F600087D04 /* DailymotionAPI.swift in Sources */ = {isa = PBXBuildFile; fileRef = 7F52BDA0257422F600087D04 /* DailymotionAPI.swift */; };
		7F52BDA6257422F600087D04 /* GithubAPI.swift in Sources */ = {isa = PBXBuildFile; fileRef = 7F52BDA2257422F600087D04 /* GithubAPI.swift */; };
		7F52BDA7257422F600087D04 /* API.swift in Sources */ = {isa = PBXBuildFile; fileRef = 7F52BDA4257422F600087D04 /* API.swift */; };
		7F52BDB22574231100087D04 /* DailymotionUserDetails.swift in Sources */ = {isa = PBXBuildFile; fileRef = 7F52BDAD2574231100087D04 /* DailymotionUserDetails.swift */; };
		7F52BDB32574231100087D04 /* GetDailymotionUsersResponse.swift in Sources */ = {isa = PBXBuildFile; fileRef = 7F52BDAE2574231100087D04 /* GetDailymotionUsersResponse.swift */; };
		7F52BDB42574231100087D04 /* GithubUserDetails.swift in Sources */ = {isa = PBXBuildFile; fileRef = 7F52BDAF2574231100087D04 /* GithubUserDetails.swift */; };
		7F52BDB52574231100087D04 /* DailymotionUser.swift in Sources */ = {isa = PBXBuildFile; fileRef = 7F52BDB02574231100087D04 /* DailymotionUser.swift */; };
		7F52BDB62574231100087D04 /* GithubUser.swift in Sources */ = {isa = PBXBuildFile; fileRef = 7F52BDB12574231100087D04 /* GithubUser.swift */; };
/* End PBXBuildFile section */

/* Begin PBXContainerItemProxy section */
		7F52BD7025741EFF00087D04 /* PBXContainerItemProxy */ = {
			isa = PBXContainerItemProxy;
			containerPortal = 7F52BD5C25741EFF00087D04 /* Project object */;
			proxyType = 1;
			remoteGlobalIDString = 7F52BD6425741EFF00087D04;
			remoteInfo = NetworkingLibrary;
		};
/* End PBXContainerItemProxy section */

/* Begin PBXFileReference section */
		7F52BD6525741EFF00087D04 /* NetworkingLibrary.framework */ = {isa = PBXFileReference; explicitFileType = wrapper.framework; includeInIndex = 0; path = NetworkingLibrary.framework; sourceTree = BUILT_PRODUCTS_DIR; };
		7F52BD6825741EFF00087D04 /* NetworkingLibrary.h */ = {isa = PBXFileReference; lastKnownFileType = sourcecode.c.h; path = NetworkingLibrary.h; sourceTree = "<group>"; };
		7F52BD6925741EFF00087D04 /* Info.plist */ = {isa = PBXFileReference; lastKnownFileType = text.plist.xml; path = Info.plist; sourceTree = "<group>"; };
		7F52BD6E25741EFF00087D04 /* NetworkingLibraryTests.xctest */ = {isa = PBXFileReference; explicitFileType = wrapper.cfbundle; includeInIndex = 0; path = NetworkingLibraryTests.xctest; sourceTree = BUILT_PRODUCTS_DIR; };
		7F52BD7325741EFF00087D04 /* NetworkingLibraryTests.swift */ = {isa = PBXFileReference; lastKnownFileType = sourcecode.swift; path = NetworkingLibraryTests.swift; sourceTree = "<group>"; };
		7F52BD7525741EFF00087D04 /* Info.plist */ = {isa = PBXFileReference; lastKnownFileType = text.plist.xml; path = Info.plist; sourceTree = "<group>"; };
		7F52BDA0257422F600087D04 /* DailymotionAPI.swift */ = {isa = PBXFileReference; fileEncoding = 4; lastKnownFileType = sourcecode.swift; path = DailymotionAPI.swift; sourceTree = "<group>"; };
		7F52BDA2257422F600087D04 /* GithubAPI.swift */ = {isa = PBXFileReference; fileEncoding = 4; lastKnownFileType = sourcecode.swift; path = GithubAPI.swift; sourceTree = "<group>"; };
		7F52BDA4257422F600087D04 /* API.swift */ = {isa = PBXFileReference; fileEncoding = 4; lastKnownFileType = sourcecode.swift; path = API.swift; sourceTree = "<group>"; };
		7F52BDAD2574231100087D04 /* DailymotionUserDetails.swift */ = {isa = PBXFileReference; fileEncoding = 4; lastKnownFileType = sourcecode.swift; path = DailymotionUserDetails.swift; sourceTree = "<group>"; };
		7F52BDAE2574231100087D04 /* GetDailymotionUsersResponse.swift */ = {isa = PBXFileReference; fileEncoding = 4; lastKnownFileType = sourcecode.swift; path = GetDailymotionUsersResponse.swift; sourceTree = "<group>"; };
		7F52BDAF2574231100087D04 /* GithubUserDetails.swift */ = {isa = PBXFileReference; fileEncoding = 4; lastKnownFileType = sourcecode.swift; path = GithubUserDetails.swift; sourceTree = "<group>"; };
		7F52BDB02574231100087D04 /* DailymotionUser.swift */ = {isa = PBXFileReference; fileEncoding = 4; lastKnownFileType = sourcecode.swift; path = DailymotionUser.swift; sourceTree = "<group>"; };
		7F52BDB12574231100087D04 /* GithubUser.swift */ = {isa = PBXFileReference; fileEncoding = 4; lastKnownFileType = sourcecode.swift; path = GithubUser.swift; sourceTree = "<group>"; };
/* End PBXFileReference section */

/* Begin PBXFrameworksBuildPhase section */
		7F52BD6225741EFF00087D04 /* Frameworks */ = {
			isa = PBXFrameworksBuildPhase;
			buildActionMask = 2147483647;
			files = (
			);
			runOnlyForDeploymentPostprocessing = 0;
		};
		7F52BD6B25741EFF00087D04 /* Frameworks */ = {
			isa = PBXFrameworksBuildPhase;
			buildActionMask = 2147483647;
			files = (
				7F52BD6F25741EFF00087D04 /* NetworkingLibrary.framework in Frameworks */,
			);
			runOnlyForDeploymentPostprocessing = 0;
		};
/* End PBXFrameworksBuildPhase section */

/* Begin PBXGroup section */
		7F52BD5B25741EFF00087D04 = {
			isa = PBXGroup;
			children = (
				7F52BD6725741EFF00087D04 /* NetworkingLibrary */,
				7F52BD7225741EFF00087D04 /* NetworkingLibraryTests */,
				7F52BD6625741EFF00087D04 /* Products */,
			);
			sourceTree = "<group>";
		};
		7F52BD6625741EFF00087D04 /* Products */ = {
			isa = PBXGroup;
			children = (
				7F52BD6525741EFF00087D04 /* NetworkingLibrary.framework */,
				7F52BD6E25741EFF00087D04 /* NetworkingLibraryTests.xctest */,
			);
			name = Products;
			sourceTree = "<group>";
		};
		7F52BD6725741EFF00087D04 /* NetworkingLibrary */ = {
			isa = PBXGroup;
			children = (
				7F53F71D2574292500C82856 /* Core */,
				7F52BD6925741EFF00087D04 /* Info.plist */,
			);
			path = NetworkingLibrary;
			sourceTree = "<group>";
		};
		7F52BD7225741EFF00087D04 /* NetworkingLibraryTests */ = {
			isa = PBXGroup;
			children = (
				7F52BD7325741EFF00087D04 /* NetworkingLibraryTests.swift */,
				7F52BD7525741EFF00087D04 /* Info.plist */,
			);
			path = NetworkingLibraryTests;
			sourceTree = "<group>";
		};
		7F52BD9E257422F600087D04 /* Networking */ = {
			isa = PBXGroup;
			children = (
				7F52BD9F257422F600087D04 /* Dailymotion */,
				7F52BDA1257422F600087D04 /* Github */,
				7F52BDA3257422F600087D04 /* API */,
			);
			path = Networking;
			sourceTree = "<group>";
		};
		7F52BD9F257422F600087D04 /* Dailymotion */ = {
			isa = PBXGroup;
			children = (
				7F52BDA0257422F600087D04 /* DailymotionAPI.swift */,
			);
			path = Dailymotion;
			sourceTree = "<group>";
		};
		7F52BDA1257422F600087D04 /* Github */ = {
			isa = PBXGroup;
			children = (
				7F52BDA2257422F600087D04 /* GithubAPI.swift */,
			);
			path = Github;
			sourceTree = "<group>";
		};
		7F52BDA3257422F600087D04 /* API */ = {
			isa = PBXGroup;
			children = (
				7F52BDA4257422F600087D04 /* API.swift */,
			);
			path = API;
			sourceTree = "<group>";
		};
		7F52BDAC257422FF00087D04 /* Model */ = {
			isa = PBXGroup;
			children = (
				7F52BDB02574231100087D04 /* DailymotionUser.swift */,
				7F52BDAD2574231100087D04 /* DailymotionUserDetails.swift */,
				7F52BDAE2574231100087D04 /* GetDailymotionUsersResponse.swift */,
				7F52BDB12574231100087D04 /* GithubUser.swift */,
				7F52BDAF2574231100087D04 /* GithubUserDetails.swift */,
			);
			path = Model;
			sourceTree = "<group>";
		};
		7F53F71D2574292500C82856 /* Core */ = {
			isa = PBXGroup;
			children = (
				7F52BD6825741EFF00087D04 /* NetworkingLibrary.h */,
				7F52BDAC257422FF00087D04 /* Model */,
				7F52BD9E257422F600087D04 /* Networking */,
			);
			path = Core;
			sourceTree = "<group>";
		};
/* End PBXGroup section */

/* Begin PBXHeadersBuildPhase section */
		7F52BD6025741EFF00087D04 /* Headers */ = {
			isa = PBXHeadersBuildPhase;
			buildActionMask = 2147483647;
			files = (
				7F52BD7625741EFF00087D04 /* NetworkingLibrary.h in Headers */,
			);
			runOnlyForDeploymentPostprocessing = 0;
		};
/* End PBXHeadersBuildPhase section */

/* Begin PBXNativeTarget section */
		7F52BD6425741EFF00087D04 /* NetworkingLibrary */ = {
			isa = PBXNativeTarget;
			buildConfigurationList = 7F52BD7925741EFF00087D04 /* Build configuration list for PBXNativeTarget "NetworkingLibrary" */;
			buildPhases = (
				7F52BD6025741EFF00087D04 /* Headers */,
				7F52BD6125741EFF00087D04 /* Sources */,
				7F52BD6225741EFF00087D04 /* Frameworks */,
				7F52BD6325741EFF00087D04 /* Resources */,
			);
			buildRules = (
			);
			dependencies = (
			);
			name = NetworkingLibrary;
			productName = NetworkingLibrary;
			productReference = 7F52BD6525741EFF00087D04 /* NetworkingLibrary.framework */;
			productType = "com.apple.product-type.framework";
		};
		7F52BD6D25741EFF00087D04 /* NetworkingLibraryTests */ = {
			isa = PBXNativeTarget;
			buildConfigurationList = 7F52BD7C25741EFF00087D04 /* Build configuration list for PBXNativeTarget "NetworkingLibraryTests" */;
			buildPhases = (
				7F52BD6A25741EFF00087D04 /* Sources */,
				7F52BD6B25741EFF00087D04 /* Frameworks */,
				7F52BD6C25741EFF00087D04 /* Resources */,
			);
			buildRules = (
			);
			dependencies = (
				7F52BD7125741EFF00087D04 /* PBXTargetDependency */,
			);
			name = NetworkingLibraryTests;
			productName = NetworkingLibraryTests;
			productReference = 7F52BD6E25741EFF00087D04 /* NetworkingLibraryTests.xctest */;
			productType = "com.apple.product-type.bundle.unit-test";
		};
/* End PBXNativeTarget section */

/* Begin PBXProject section */
		7F52BD5C25741EFF00087D04 /* Project object */ = {
			isa = PBXProject;
			attributes = {
				LastSwiftUpdateCheck = 1210;
				LastUpgradeCheck = 1210;
				TargetAttributes = {
					7F52BD6425741EFF00087D04 = {
						CreatedOnToolsVersion = 12.1;
					};
					7F52BD6D25741EFF00087D04 = {
						CreatedOnToolsVersion = 12.1;
					};
				};
			};
			buildConfigurationList = 7F52BD5F25741EFF00087D04 /* Build configuration list for PBXProject "NetworkingLibrary" */;
			compatibilityVersion = "Xcode 9.3";
			developmentRegion = en;
			hasScannedForEncodings = 0;
			knownRegions = (
				en,
				Base,
			);
			mainGroup = 7F52BD5B25741EFF00087D04;
			productRefGroup = 7F52BD6625741EFF00087D04 /* Products */;
			projectDirPath = "";
			projectRoot = "";
			targets = (
				7F52BD6425741EFF00087D04 /* NetworkingLibrary */,
				7F52BD6D25741EFF00087D04 /* NetworkingLibraryTests */,
			);
		};
/* End PBXProject section */

/* Begin PBXResourcesBuildPhase section */
		7F52BD6325741EFF00087D04 /* Resources */ = {
			isa = PBXResourcesBuildPhase;
			buildActionMask = 2147483647;
			files = (
			);
			runOnlyForDeploymentPostprocessing = 0;
		};
		7F52BD6C25741EFF00087D04 /* Resources */ = {
			isa = PBXResourcesBuildPhase;
			buildActionMask = 2147483647;
			files = (
			);
			runOnlyForDeploymentPostprocessing = 0;
		};
/* End PBXResourcesBuildPhase section */

/* Begin PBXSourcesBuildPhase section */
		7F52BD6125741EFF00087D04 /* Sources */ = {
			isa = PBXSourcesBuildPhase;
			buildActionMask = 2147483647;
			files = (
				7F52BDB42574231100087D04 /* GithubUserDetails.swift in Sources */,
				7F52BDB32574231100087D04 /* GetDailymotionUsersResponse.swift in Sources */,
				7F52BDB52574231100087D04 /* DailymotionUser.swift in Sources */,
				7F52BDA5257422F600087D04 /* DailymotionAPI.swift in Sources */,
				7F52BDB22574231100087D04 /* DailymotionUserDetails.swift in Sources */,
				7F52BDB62574231100087D04 /* GithubUser.swift in Sources */,
				7F52BDA7257422F600087D04 /* API.swift in Sources */,
				7F52BDA6257422F600087D04 /* GithubAPI.swift in Sources */,
			);
			runOnlyForDeploymentPostprocessing = 0;
		};
		7F52BD6A25741EFF00087D04 /* Sources */ = {
			isa = PBXSourcesBuildPhase;
			buildActionMask = 2147483647;
			files = (
				7F52BD7425741EFF00087D04 /* NetworkingLibraryTests.swift in Sources */,
			);
			runOnlyForDeploymentPostprocessing = 0;
		};
/* End PBXSourcesBuildPhase section */

/* Begin PBXTargetDependency section */
		7F52BD7125741EFF00087D04 /* PBXTargetDependency */ = {
			isa = PBXTargetDependency;
			target = 7F52BD6425741EFF00087D04 /* NetworkingLibrary */;
			targetProxy = 7F52BD7025741EFF00087D04 /* PBXContainerItemProxy */;
		};
/* End PBXTargetDependency section */

/* Begin XCBuildConfiguration section */
		7F52BD7725741EFF00087D04 /* Debug */ = {
			isa = XCBuildConfiguration;
			buildSettings = {
				ALWAYS_SEARCH_USER_PATHS = NO;
				CLANG_ANALYZER_NONNULL = YES;
				CLANG_ANALYZER_NUMBER_OBJECT_CONVERSION = YES_AGGRESSIVE;
				CLANG_CXX_LANGUAGE_STANDARD = "gnu++14";
				CLANG_CXX_LIBRARY = "libc++";
				CLANG_ENABLE_MODULES = YES;
				CLANG_ENABLE_OBJC_ARC = YES;
				CLANG_ENABLE_OBJC_WEAK = YES;
				CLANG_WARN_BLOCK_CAPTURE_AUTORELEASING = YES;
				CLANG_WARN_BOOL_CONVERSION = YES;
				CLANG_WARN_COMMA = YES;
				CLANG_WARN_CONSTANT_CONVERSION = YES;
				CLANG_WARN_DEPRECATED_OBJC_IMPLEMENTATIONS = YES;
				CLANG_WARN_DIRECT_OBJC_ISA_USAGE = YES_ERROR;
				CLANG_WARN_DOCUMENTATION_COMMENTS = YES;
				CLANG_WARN_EMPTY_BODY = YES;
				CLANG_WARN_ENUM_CONVERSION = YES;
				CLANG_WARN_INFINITE_RECURSION = YES;
				CLANG_WARN_INT_CONVERSION = YES;
				CLANG_WARN_NON_LITERAL_NULL_CONVERSION = YES;
				CLANG_WARN_OBJC_IMPLICIT_RETAIN_SELF = YES;
				CLANG_WARN_OBJC_LITERAL_CONVERSION = YES;
				CLANG_WARN_OBJC_ROOT_CLASS = YES_ERROR;
				CLANG_WARN_QUOTED_INCLUDE_IN_FRAMEWORK_HEADER = YES;
				CLANG_WARN_RANGE_LOOP_ANALYSIS = YES;
				CLANG_WARN_STRICT_PROTOTYPES = YES;
				CLANG_WARN_SUSPICIOUS_MOVE = YES;
				CLANG_WARN_UNGUARDED_AVAILABILITY = YES_AGGRESSIVE;
				CLANG_WARN_UNREACHABLE_CODE = YES;
				CLANG_WARN__DUPLICATE_METHOD_MATCH = YES;
				COPY_PHASE_STRIP = NO;
				CURRENT_PROJECT_VERSION = 1;
				DEBUG_INFORMATION_FORMAT = dwarf;
				ENABLE_STRICT_OBJC_MSGSEND = YES;
				ENABLE_TESTABILITY = YES;
				GCC_C_LANGUAGE_STANDARD = gnu11;
				GCC_DYNAMIC_NO_PIC = NO;
				GCC_NO_COMMON_BLOCKS = YES;
				GCC_OPTIMIZATION_LEVEL = 0;
				GCC_PREPROCESSOR_DEFINITIONS = (
					"DEBUG=1",
					"$(inherited)",
				);
				GCC_WARN_64_TO_32_BIT_CONVERSION = YES;
				GCC_WARN_ABOUT_RETURN_TYPE = YES_ERROR;
				GCC_WARN_UNDECLARED_SELECTOR = YES;
				GCC_WARN_UNINITIALIZED_AUTOS = YES_AGGRESSIVE;
				GCC_WARN_UNUSED_FUNCTION = YES;
				GCC_WARN_UNUSED_VARIABLE = YES;
				IPHONEOS_DEPLOYMENT_TARGET = 12.0;
				MTL_ENABLE_DEBUG_INFO = INCLUDE_SOURCE;
				MTL_FAST_MATH = YES;
				ONLY_ACTIVE_ARCH = YES;
				SDKROOT = iphoneos;
				SWIFT_ACTIVE_COMPILATION_CONDITIONS = DEBUG;
				SWIFT_OPTIMIZATION_LEVEL = "-Onone";
				VERSIONING_SYSTEM = "apple-generic";
				VERSION_INFO_PREFIX = "";
			};
			name = Debug;
		};
		7F52BD7825741EFF00087D04 /* Release */ = {
			isa = XCBuildConfiguration;
			buildSettings = {
				ALWAYS_SEARCH_USER_PATHS = NO;
				CLANG_ANALYZER_NONNULL = YES;
				CLANG_ANALYZER_NUMBER_OBJECT_CONVERSION = YES_AGGRESSIVE;
				CLANG_CXX_LANGUAGE_STANDARD = "gnu++14";
				CLANG_CXX_LIBRARY = "libc++";
				CLANG_ENABLE_MODULES = YES;
				CLANG_ENABLE_OBJC_ARC = YES;
				CLANG_ENABLE_OBJC_WEAK = YES;
				CLANG_WARN_BLOCK_CAPTURE_AUTORELEASING = YES;
				CLANG_WARN_BOOL_CONVERSION = YES;
				CLANG_WARN_COMMA = YES;
				CLANG_WARN_CONSTANT_CONVERSION = YES;
				CLANG_WARN_DEPRECATED_OBJC_IMPLEMENTATIONS = YES;
				CLANG_WARN_DIRECT_OBJC_ISA_USAGE = YES_ERROR;
				CLANG_WARN_DOCUMENTATION_COMMENTS = YES;
				CLANG_WARN_EMPTY_BODY = YES;
				CLANG_WARN_ENUM_CONVERSION = YES;
				CLANG_WARN_INFINITE_RECURSION = YES;
				CLANG_WARN_INT_CONVERSION = YES;
				CLANG_WARN_NON_LITERAL_NULL_CONVERSION = YES;
				CLANG_WARN_OBJC_IMPLICIT_RETAIN_SELF = YES;
				CLANG_WARN_OBJC_LITERAL_CONVERSION = YES;
				CLANG_WARN_OBJC_ROOT_CLASS = YES_ERROR;
				CLANG_WARN_QUOTED_INCLUDE_IN_FRAMEWORK_HEADER = YES;
				CLANG_WARN_RANGE_LOOP_ANALYSIS = YES;
				CLANG_WARN_STRICT_PROTOTYPES = YES;
				CLANG_WARN_SUSPICIOUS_MOVE = YES;
				CLANG_WARN_UNGUARDED_AVAILABILITY = YES_AGGRESSIVE;
				CLANG_WARN_UNREACHABLE_CODE = YES;
				CLANG_WARN__DUPLICATE_METHOD_MATCH = YES;
				COPY_PHASE_STRIP = NO;
				CURRENT_PROJECT_VERSION = 1;
				DEBUG_INFORMATION_FORMAT = "dwarf-with-dsym";
				ENABLE_NS_ASSERTIONS = NO;
				ENABLE_STRICT_OBJC_MSGSEND = YES;
				GCC_C_LANGUAGE_STANDARD = gnu11;
				GCC_NO_COMMON_BLOCKS = YES;
				GCC_WARN_64_TO_32_BIT_CONVERSION = YES;
				GCC_WARN_ABOUT_RETURN_TYPE = YES_ERROR;
				GCC_WARN_UNDECLARED_SELECTOR = YES;
				GCC_WARN_UNINITIALIZED_AUTOS = YES_AGGRESSIVE;
				GCC_WARN_UNUSED_FUNCTION = YES;
				GCC_WARN_UNUSED_VARIABLE = YES;
				IPHONEOS_DEPLOYMENT_TARGET = 12.0;
				MTL_ENABLE_DEBUG_INFO = NO;
				MTL_FAST_MATH = YES;
				SDKROOT = iphoneos;
				SWIFT_COMPILATION_MODE = wholemodule;
				SWIFT_OPTIMIZATION_LEVEL = "-O";
				VALIDATE_PRODUCT = YES;
				VERSIONING_SYSTEM = "apple-generic";
				VERSION_INFO_PREFIX = "";
			};
			name = Release;
		};
		7F52BD7A25741EFF00087D04 /* Debug */ = {
			isa = XCBuildConfiguration;
			buildSettings = {
				CODE_SIGN_STYLE = Automatic;
				DEFINES_MODULE = YES;
				DYLIB_COMPATIBILITY_VERSION = 1;
				DYLIB_CURRENT_VERSION = 1;
				DYLIB_INSTALL_NAME_BASE = "@rpath";
				INFOPLIST_FILE = NetworkingLibrary/Info.plist;
				INSTALL_PATH = "$(LOCAL_LIBRARY_DIR)/Frameworks";
				LD_RUNPATH_SEARCH_PATHS = (
					"$(inherited)",
					"@executable_path/Frameworks",
					"@loader_path/Frameworks",
				);
				PRODUCT_BUNDLE_IDENTIFIER = akaleta.NetworkingLibrary;
				PRODUCT_NAME = "$(TARGET_NAME:c99extidentifier)";
				SKIP_INSTALL = YES;
				SWIFT_VERSION = 5.0;
				TARGETED_DEVICE_FAMILY = "1,2";
			};
			name = Debug;
		};
		7F52BD7B25741EFF00087D04 /* Release */ = {
			isa = XCBuildConfiguration;
			buildSettings = {
				CODE_SIGN_STYLE = Automatic;
				DEFINES_MODULE = YES;
				DYLIB_COMPATIBILITY_VERSION = 1;
				DYLIB_CURRENT_VERSION = 1;
				DYLIB_INSTALL_NAME_BASE = "@rpath";
				INFOPLIST_FILE = NetworkingLibrary/Info.plist;
				INSTALL_PATH = "$(LOCAL_LIBRARY_DIR)/Frameworks";
				LD_RUNPATH_SEARCH_PATHS = (
					"$(inherited)",
					"@executable_path/Frameworks",
					"@loader_path/Frameworks",
				);
				PRODUCT_BUNDLE_IDENTIFIER = akaleta.NetworkingLibrary;
				PRODUCT_NAME = "$(TARGET_NAME:c99extidentifier)";
				SKIP_INSTALL = YES;
				SWIFT_VERSION = 5.0;
				TARGETED_DEVICE_FAMILY = "1,2";
			};
			name = Release;
		};
		7F52BD7D25741EFF00087D04 /* Debug */ = {
			isa = XCBuildConfiguration;
			buildSettings = {
				ALWAYS_EMBED_SWIFT_STANDARD_LIBRARIES = YES;
				CODE_SIGN_STYLE = Automatic;
				INFOPLIST_FILE = NetworkingLibraryTests/Info.plist;
				LD_RUNPATH_SEARCH_PATHS = (
					"$(inherited)",
					"@executable_path/Frameworks",
					"@loader_path/Frameworks",
				);
				PRODUCT_BUNDLE_IDENTIFIER = akaleta.NetworkingLibraryTests;
				PRODUCT_NAME = "$(TARGET_NAME)";
				SWIFT_VERSION = 5.0;
				TARGETED_DEVICE_FAMILY = "1,2";
			};
			name = Debug;
		};
		7F52BD7E25741EFF00087D04 /* Release */ = {
			isa = XCBuildConfiguration;
			buildSettings = {
				ALWAYS_EMBED_SWIFT_STANDARD_LIBRARIES = YES;
				CODE_SIGN_STYLE = Automatic;
				INFOPLIST_FILE = NetworkingLibraryTests/Info.plist;
				LD_RUNPATH_SEARCH_PATHS = (
					"$(inherited)",
					"@executable_path/Frameworks",
					"@loader_path/Frameworks",
				);
				PRODUCT_BUNDLE_IDENTIFIER = akaleta.NetworkingLibraryTests;
				PRODUCT_NAME = "$(TARGET_NAME)";
				SWIFT_VERSION = 5.0;
				TARGETED_DEVICE_FAMILY = "1,2";
			};
			name = Release;
		};
/* End XCBuildConfiguration section */

/* Begin XCConfigurationList section */
		7F52BD5F25741EFF00087D04 /* Build configuration list for PBXProject "NetworkingLibrary" */ = {
			isa = XCConfigurationList;
			buildConfigurations = (
				7F52BD7725741EFF00087D04 /* Debug */,
				7F52BD7825741EFF00087D04 /* Release */,
			);
			defaultConfigurationIsVisible = 0;
			defaultConfigurationName = Release;
		};
		7F52BD7925741EFF00087D04 /* Build configuration list for PBXNativeTarget "NetworkingLibrary" */ = {
			isa = XCConfigurationList;
			buildConfigurations = (
				7F52BD7A25741EFF00087D04 /* Debug */,
				7F52BD7B25741EFF00087D04 /* Release */,
			);
			defaultConfigurationIsVisible = 0;
			defaultConfigurationName = Release;
		};
		7F52BD7C25741EFF00087D04 /* Build configuration list for PBXNativeTarget "NetworkingLibraryTests" */ = {
			isa = XCConfigurationList;
			buildConfigurations = (
				7F52BD7D25741EFF00087D04 /* Debug */,
				7F52BD7E25741EFF00087D04 /* Release */,
			);
			defaultConfigurationIsVisible = 0;
			defaultConfigurationName = Release;
		};
/* End XCConfigurationList section */
	};
	rootObject = 7F52BD5C25741EFF00087D04 /* Project object */;
}
